
Microsoft Visual Studio Solution File, Format Version 12.00
# Visual Studio Version 17
VisualStudioVersion = 17.0.31903.59
MinimumVisualStudioVersion = 10.0.40219.1
Project("{FAE04EC0-301F-11D3-BF4B-00C04F79EFBC}") = "ECommerce.Api", "Src\ECommerce.Api\ECommerce.Api.csproj", "{C2740621-FDD2-4B8A-9A17-725F2FD8CFB9}"
EndProject
Project("{FAE04EC0-301F-11D3-BF4B-00C04F79EFBC}") = "ECommerce.Data", "Src\ECommerce.Data\ECommerce.Data.csproj", "{BCFD6296-2935-4724-BC5D-98A940A9F856}"
EndProject
Project("{FAE04EC0-301F-11D3-BF4B-00C04F79EFBC}") = "ECommerce.Contracts", "Src\ECommerce.Contracts\ECommerce.Contracts.csproj", "{D555EE77-726D-448D-825B-4137A4B05291}"
EndProject
Project("{FAE04EC0-301F-11D3-BF4B-00C04F79EFBC}") = "ECommerce.Test", "Src\ECommerce.Test\ECommerce.Test.csproj", "{74904EE1-1BF4-44CB-884C-6E64FD6BA2FC}"
EndProject
Global
	GlobalSection(SolutionConfigurationPlatforms) = preSolution
		Debug|Any CPU = Debug|Any CPU
		Release|Any CPU = Release|Any CPU
	EndGlobalSection
	GlobalSection(SolutionProperties) = preSolution
		HideSolutionNode = FALSE
	EndGlobalSection
	GlobalSection(ProjectConfigurationPlatforms) = postSolution
		{C2740621-FDD2-4B8A-9A17-725F2FD8CFB9}.Debug|Any CPU.ActiveCfg = Debug|Any CPU
		{C2740621-FDD2-4B8A-9A17-725F2FD8CFB9}.Debug|Any CPU.Build.0 = Debug|Any CPU
		{C2740621-FDD2-4B8A-9A17-725F2FD8CFB9}.Release|Any CPU.ActiveCfg = Release|Any CPU
		{C2740621-FDD2-4B8A-9A17-725F2FD8CFB9}.Release|Any CPU.Build.0 = Release|Any CPU
		{BCFD6296-2935-4724-BC5D-98A940A9F856}.Debug|Any CPU.ActiveCfg = Debug|Any CPU
		{BCFD6296-2935-4724-BC5D-98A940A9F856}.Debug|Any CPU.Build.0 = Debug|Any CPU
		{BCFD6296-2935-4724-BC5D-98A940A9F856}.Release|Any CPU.ActiveCfg = Release|Any CPU
		{BCFD6296-2935-4724-BC5D-98A940A9F856}.Release|Any CPU.Build.0 = Release|Any CPU
		{D555EE77-726D-448D-825B-4137A4B05291}.Debug|Any CPU.ActiveCfg = Debug|Any CPU
		{D555EE77-726D-448D-825B-4137A4B05291}.Debug|Any CPU.Build.0 = Debug|Any CPU
		{D555EE77-726D-448D-825B-4137A4B05291}.Release|Any CPU.ActiveCfg = Release|Any CPU
		{D555EE77-726D-448D-825B-4137A4B05291}.Release|Any CPU.Build.0 = Release|Any CPU
		{74904EE1-1BF4-44CB-884C-6E64FD6BA2FC}.Debug|Any CPU.ActiveCfg = Debug|Any CPU
		{74904EE1-1BF4-44CB-884C-6E64FD6BA2FC}.Debug|Any CPU.Build.0 = Debug|Any CPU
		{74904EE1-1BF4-44CB-884C-6E64FD6BA2FC}.Release|Any CPU.ActiveCfg = Release|Any CPU
		{74904EE1-1BF4-44CB-884C-6E64FD6BA2FC}.Release|Any CPU.Build.0 = Release|Any CPU
	EndGlobalSection
EndGlobal
